// !$*UTF8*$!
{
	archiveVersion = 1;
	classes = {
	};
	objectVersion = 46;
	objects = {

/* Begin PBXBuildFile section */
		61A3147919764E4C009A3856 /* Foundation.framework in Frameworks */ = {isa = PBXBuildFile; fileRef = 61A3147819764E4C009A3856 /* Foundation.framework */; };
		61A3147B19764E4C009A3856 /* CoreGraphics.framework in Frameworks */ = {isa = PBXBuildFile; fileRef = 61A3147A19764E4C009A3856 /* CoreGraphics.framework */; };
		61A3147D19764E4C009A3856 /* UIKit.framework in Frameworks */ = {isa = PBXBuildFile; fileRef = 61A3147C19764E4C009A3856 /* UIKit.framework */; };
		61A3148319764E4C009A3856 /* InfoPlist.strings in Resources */ = {isa = PBXBuildFile; fileRef = 61A3148119764E4C009A3856 /* InfoPlist.strings */; };
		61A3148519764E4C009A3856 /* main.m in Sources */ = {isa = PBXBuildFile; fileRef = 61A3148419764E4C009A3856 /* main.m */; };
		61A3148919764E4C009A3856 /* AppDelegate.m in Sources */ = {isa = PBXBuildFile; fileRef = 61A3148819764E4C009A3856 /* AppDelegate.m */; };
		61A3148C19764E4C009A3856 /* Main.storyboard in Resources */ = {isa = PBXBuildFile; fileRef = 61A3148A19764E4C009A3856 /* Main.storyboard */; };
		61A3148F19764E4C009A3856 /* ViewController.m in Sources */ = {isa = PBXBuildFile; fileRef = 61A3148E19764E4C009A3856 /* ViewController.m */; };
		61A3149119764E4C009A3856 /* Images.xcassets in Resources */ = {isa = PBXBuildFile; fileRef = 61A3149019764E4C009A3856 /* Images.xcassets */; };
		61A3149819764E4C009A3856 /* XCTest.framework in Frameworks */ = {isa = PBXBuildFile; fileRef = 61A3149719764E4C009A3856 /* XCTest.framework */; };
		61A3149919764E4C009A3856 /* Foundation.framework in Frameworks */ = {isa = PBXBuildFile; fileRef = 61A3147819764E4C009A3856 /* Foundation.framework */; };
		61A3149A19764E4C009A3856 /* UIKit.framework in Frameworks */ = {isa = PBXBuildFile; fileRef = 61A3147C19764E4C009A3856 /* UIKit.framework */; };
		61A314A219764E4C009A3856 /* InfoPlist.strings in Resources */ = {isa = PBXBuildFile; fileRef = 61A314A019764E4C009A3856 /* InfoPlist.strings */; };
		61A314A419764E4C009A3856 /* AccidentReportTests.m in Sources */ = {isa = PBXBuildFile; fileRef = 61A314A319764E4C009A3856 /* AccidentReportTests.m */; };
/* End PBXBuildFile section */

/* Begin PBXContainerItemProxy section */
		61A3149B19764E4C009A3856 /* PBXContainerItemProxy */ = {
			isa = PBXContainerItemProxy;
			containerPortal = 61A3146D19764E4C009A3856 /* Project object */;
			proxyType = 1;
			remoteGlobalIDString = 61A3147419764E4C009A3856;
			remoteInfo = AccidentReport;
		};
/* End PBXContainerItemProxy section */

/* Begin PBXFileReference section */
		61A3147519764E4C009A3856 /* AccidentReport.app */ = {isa = PBXFileReference; explicitFileType = wrapper.application; includeInIndex = 0; path = AccidentReport.app; sourceTree = BUILT_PRODUCTS_DIR; };
		61A3147819764E4C009A3856 /* Foundation.framework */ = {isa = PBXFileReference; lastKnownFileType = wrapper.framework; name = Foundation.framework; path = System/Library/Frameworks/Foundation.framework; sourceTree = SDKROOT; };
		61A3147A19764E4C009A3856 /* CoreGraphics.framework */ = {isa = PBXFileReference; lastKnownFileType = wrapper.framework; name = CoreGraphics.framework; path = System/Library/Frameworks/CoreGraphics.framework; sourceTree = SDKROOT; };
		61A3147C19764E4C009A3856 /* UIKit.framework */ = {isa = PBXFileReference; lastKnownFileType = wrapper.framework; name = UIKit.framework; path = System/Library/Frameworks/UIKit.framework; sourceTree = SDKROOT; };
		61A3148019764E4C009A3856 /* AccidentReport-Info.plist */ = {isa = PBXFileReference; lastKnownFileType = text.plist.xml; path = "AccidentReport-Info.plist"; sourceTree = "<group>"; };
		61A3148219764E4C009A3856 /* en */ = {isa = PBXFileReference; lastKnownFileType = text.plist.strings; name = en; path = en.lproj/InfoPlist.strings; sourceTree = "<group>"; };
		61A3148419764E4C009A3856 /* main.m */ = {isa = PBXFileReference; lastKnownFileType = sourcecode.c.objc; path = main.m; sourceTree = "<group>"; };
		61A3148619764E4C009A3856 /* AccidentReport-Prefix.pch */ = {isa = PBXFileReference; lastKnownFileType = sourcecode.c.h; path = "AccidentReport-Prefix.pch"; sourceTree = "<group>"; };
		61A3148719764E4C009A3856 /* AppDelegate.h */ = {isa = PBXFileReference; lastKnownFileType = sourcecode.c.h; path = AppDelegate.h; sourceTree = "<group>"; };
		61A3148819764E4C009A3856 /* AppDelegate.m */ = {isa = PBXFileReference; lastKnownFileType = sourcecode.c.objc; path = AppDelegate.m; sourceTree = "<group>"; };
		61A3148B19764E4C009A3856 /* Base */ = {isa = PBXFileReference; lastKnownFileType = file.storyboard; name = Base; path = Base.lproj/Main.storyboard; sourceTree = "<group>"; };
		61A3148D19764E4C009A3856 /* ViewController.h */ = {isa = PBXFileReference; lastKnownFileType = sourcecode.c.h; path = ViewController.h; sourceTree = "<group>"; };
		61A3148E19764E4C009A3856 /* ViewController.m */ = {isa = PBXFileReference; lastKnownFileType = sourcecode.c.objc; path = ViewController.m; sourceTree = "<group>"; };
		61A3149019764E4C009A3856 /* Images.xcassets */ = {isa = PBXFileReference; lastKnownFileType = folder.assetcatalog; path = Images.xcassets; sourceTree = "<group>"; };
		61A3149619764E4C009A3856 /* AccidentReportTests.xctest */ = {isa = PBXFileReference; explicitFileType = wrapper.cfbundle; includeInIndex = 0; path = AccidentReportTests.xctest; sourceTree = BUILT_PRODUCTS_DIR; };
		61A3149719764E4C009A3856 /* XCTest.framework */ = {isa = PBXFileReference; lastKnownFileType = wrapper.framework; name = XCTest.framework; path = Library/Frameworks/XCTest.framework; sourceTree = DEVELOPER_DIR; };
		61A3149F19764E4C009A3856 /* AccidentReportTests-Info.plist */ = {isa = PBXFileReference; lastKnownFileType = text.plist.xml; path = "AccidentReportTests-Info.plist"; sourceTree = "<group>"; };
		61A314A119764E4C009A3856 /* en */ = {isa = PBXFileReference; lastKnownFileType = text.plist.strings; name = en; path = en.lproj/InfoPlist.strings; sourceTree = "<group>"; };
		61A314A319764E4C009A3856 /* AccidentReportTests.m */ = {isa = PBXFileReference; lastKnownFileType = sourcecode.c.objc; path = AccidentReportTests.m; sourceTree = "<group>"; };
/* End PBXFileReference section */

/* Begin PBXFrameworksBuildPhase section */
		61A3147219764E4C009A3856 /* Frameworks */ = {
			isa = PBXFrameworksBuildPhase;
			buildActionMask = 2147483647;
			files = (
				61A3147B19764E4C009A3856 /* CoreGraphics.framework in Frameworks */,
				61A3147D19764E4C009A3856 /* UIKit.framework in Frameworks */,
				61A3147919764E4C009A3856 /* Foundation.framework in Frameworks */,
			);
			runOnlyForDeploymentPostprocessing = 0;
		};
		61A3149319764E4C009A3856 /* Frameworks */ = {
			isa = PBXFrameworksBuildPhase;
			buildActionMask = 2147483647;
			files = (
				61A3149819764E4C009A3856 /* XCTest.framework in Frameworks */,
				61A3149A19764E4C009A3856 /* UIKit.framework in Frameworks */,
				61A3149919764E4C009A3856 /* Foundation.framework in Frameworks */,
			);
			runOnlyForDeploymentPostprocessing = 0;
		};
/* End PBXFrameworksBuildPhase section */

/* Begin PBXGroup section */
		61A3146C19764E4C009A3856 = {
			isa = PBXGroup;
			children = (
				61A3147E19764E4C009A3856 /* AccidentReport */,
				61A3149D19764E4C009A3856 /* AccidentReportTests */,
				61A3147719764E4C009A3856 /* Frameworks */,
				61A3147619764E4C009A3856 /* Products */,
			);
			sourceTree = "<group>";
		};
		61A3147619764E4C009A3856 /* Products */ = {
			isa = PBXGroup;
			children = (
				61A3147519764E4C009A3856 /* AccidentReport.app */,
				61A3149619764E4C009A3856 /* AccidentReportTests.xctest */,
			);
			name = Products;
			sourceTree = "<group>";
		};
		61A3147719764E4C009A3856 /* Frameworks */ = {
			isa = PBXGroup;
			children = (
				61A3147819764E4C009A3856 /* Foundation.framework */,
				61A3147A19764E4C009A3856 /* CoreGraphics.framework */,
				61A3147C19764E4C009A3856 /* UIKit.framework */,
				61A3149719764E4C009A3856 /* XCTest.framework */,
			);
			name = Frameworks;
			sourceTree = "<group>";
		};
		61A3147E19764E4C009A3856 /* AccidentReport */ = {
			isa = PBXGroup;
			children = (
				61A3148719764E4C009A3856 /* AppDelegate.h */,
				61A3148819764E4C009A3856 /* AppDelegate.m */,
				61A3148A19764E4C009A3856 /* Main.storyboard */,
				61A3148D19764E4C009A3856 /* ViewController.h */,
				61A3148E19764E4C009A3856 /* ViewController.m */,
				61A3149019764E4C009A3856 /* Images.xcassets */,
				61A3147F19764E4C009A3856 /* Supporting Files */,
			);
			path = AccidentReport;
			sourceTree = "<group>";
		};
		61A3147F19764E4C009A3856 /* Supporting Files */ = {
			isa = PBXGroup;
			children = (
				61A3148019764E4C009A3856 /* AccidentReport-Info.plist */,
				61A3148119764E4C009A3856 /* InfoPlist.strings */,
				61A3148419764E4C009A3856 /* main.m */,
				61A3148619764E4C009A3856 /* AccidentReport-Prefix.pch */,
			);
			name = "Supporting Files";
			sourceTree = "<group>";
		};
		61A3149D19764E4C009A3856 /* AccidentReportTests */ = {
			isa = PBXGroup;
			children = (
				61A314A319764E4C009A3856 /* AccidentReportTests.m */,
				61A3149E19764E4C009A3856 /* Supporting Files */,
			);
			path = AccidentReportTests;
			sourceTree = "<group>";
		};
		61A3149E19764E4C009A3856 /* Supporting Files */ = {
			isa = PBXGroup;
			children = (
				61A3149F19764E4C009A3856 /* AccidentReportTests-Info.plist */,
				61A314A019764E4C009A3856 /* InfoPlist.strings */,
			);
			name = "Supporting Files";
			sourceTree = "<group>";
		};
/* End PBXGroup section */

/* Begin PBXNativeTarget section */
		61A3147419764E4C009A3856 /* AccidentReport */ = {
			isa = PBXNativeTarget;
			buildConfigurationList = 61A314A719764E4C009A3856 /* Build configuration list for PBXNativeTarget "AccidentReport" */;
			buildPhases = (
				61A3147119764E4C009A3856 /* Sources */,
				61A3147219764E4C009A3856 /* Frameworks */,
				61A3147319764E4C009A3856 /* Resources */,
			);
			buildRules = (
			);
			dependencies = (
			);
			name = AccidentReport;
			productName = AccidentReport;
			productReference = 61A3147519764E4C009A3856 /* AccidentReport.app */;
			productType = "com.apple.product-type.application";
		};
		61A3149519764E4C009A3856 /* AccidentReportTests */ = {
			isa = PBXNativeTarget;
			buildConfigurationList = 61A314AA19764E4C009A3856 /* Build configuration list for PBXNativeTarget "AccidentReportTests" */;
			buildPhases = (
				61A3149219764E4C009A3856 /* Sources */,
				61A3149319764E4C009A3856 /* Frameworks */,
				61A3149419764E4C009A3856 /* Resources */,
			);
			buildRules = (
			);
			dependencies = (
				61A3149C19764E4C009A3856 /* PBXTargetDependency */,
			);
			name = AccidentReportTests;
			productName = AccidentReportTests;
			productReference = 61A3149619764E4C009A3856 /* AccidentReportTests.xctest */;
			productType = "com.apple.product-type.bundle.unit-test";
		};
/* End PBXNativeTarget section */

/* Begin PBXProject section */
		61A3146D19764E4C009A3856 /* Project object */ = {
			isa = PBXProject;
			attributes = {
				LastUpgradeCheck = 0500;
				ORGANIZATIONNAME = macmini21;
				TargetAttributes = {
					61A3149519764E4C009A3856 = {
						TestTargetID = 61A3147419764E4C009A3856;
					};
				};
			};
			buildConfigurationList = 61A3147019764E4C009A3856 /* Build configuration list for PBXProject "AccidentReport" */;
			compatibilityVersion = "Xcode 3.2";
			developmentRegion = English;
			hasScannedForEncodings = 0;
			knownRegions = (
				en,
				Base,
			);
			mainGroup = 61A3146C19764E4C009A3856;
			productRefGroup = 61A3147619764E4C009A3856 /* Products */;
			projectDirPath = "";
			projectRoot = "";
			targets = (
				61A3147419764E4C009A3856 /* AccidentReport */,
				61A3149519764E4C009A3856 /* AccidentReportTests */,
			);
		};
/* End PBXProject section */

/* Begin PBXResourcesBuildPhase section */
		61A3147319764E4C009A3856 /* Resources */ = {
			isa = PBXResourcesBuildPhase;
			buildActionMask = 2147483647;
			files = (
				61A3149119764E4C009A3856 /* Images.xcassets in Resources */,
				61A3148319764E4C009A3856 /* InfoPlist.strings in Resources */,
				61A3148C19764E4C009A3856 /* Main.storyboard in Resources */,
			);
			runOnlyForDeploymentPostprocessing = 0;
		};
		61A3149419764E4C009A3856 /* Resources */ = {
			isa = PBXResourcesBuildPhase;
			buildActionMask = 2147483647;
			files = (
				61A314A219764E4C009A3856 /* InfoPlist.strings in Resources */,
			);
			runOnlyForDeploymentPostprocessing = 0;
		};
/* End PBXResourcesBuildPhase section */

/* Begin PBXSourcesBuildPhase section */
		61A3147119764E4C009A3856 /* Sources */ = {
			isa = PBXSourcesBuildPhase;
			buildActionMask = 2147483647;
			files = (
				61A3148F19764E4C009A3856 /* ViewController.m in Sources */,
				61A3148919764E4C009A3856 /* AppDelegate.m in Sources */,
				61A3148519764E4C009A3856 /* main.m in Sources */,
			);
			runOnlyForDeploymentPostprocessing = 0;
		};
		61A3149219764E4C009A3856 /* Sources */ = {
			isa = PBXSourcesBuildPhase;
			buildActionMask = 2147483647;
			files = (
				61A314A419764E4C009A3856 /* AccidentReportTests.m in Sources */,
			);
			runOnlyForDeploymentPostprocessing = 0;
		};
/* End PBXSourcesBuildPhase section */

/* Begin PBXTargetDependency section */
		61A3149C19764E4C009A3856 /* PBXTargetDependency */ = {
			isa = PBXTargetDependency;
			target = 61A3147419764E4C009A3856 /* AccidentReport */;
			targetProxy = 61A3149B19764E4C009A3856 /* PBXContainerItemProxy */;
		};
/* End PBXTargetDependency section */

/* Begin PBXVariantGroup section */
		61A3148119764E4C009A3856 /* InfoPlist.strings */ = {
			isa = PBXVariantGroup;
			children = (
				61A3148219764E4C009A3856 /* en */,
			);
			name = InfoPlist.strings;
			sourceTree = "<group>";
		};
		61A3148A19764E4C009A3856 /* Main.storyboard */ = {
			isa = PBXVariantGroup;
			children = (
				61A3148B19764E4C009A3856 /* Base */,
			);
			name = Main.storyboard;
			sourceTree = "<group>";
		};
		61A314A019764E4C009A3856 /* InfoPlist.strings */ = {
			isa = PBXVariantGroup;
			children = (
				61A314A119764E4C009A3856 /* en */,
			);
			name = InfoPlist.strings;
			sourceTree = "<group>";
		};
/* End PBXVariantGroup section */

/* Begin XCBuildConfiguration section */
		61A314A519764E4C009A3856 /* Debug */ = {
			isa = XCBuildConfiguration;
			buildSettings = {
				ALWAYS_SEARCH_USER_PATHS = NO;
				ARCHS = "$(ARCHS_STANDARD_INCLUDING_64_BIT)";
				CLANG_CXX_LANGUAGE_STANDARD = "gnu++0x";
				CLANG_CXX_LIBRARY = "libc++";
				CLANG_ENABLE_MODULES = YES;
				CLANG_ENABLE_OBJC_ARC = YES;
				CLANG_WARN_BOOL_CONVERSION = YES;
				CLANG_WARN_CONSTANT_CONVERSION = YES;
				CLANG_WARN_DIRECT_OBJC_ISA_USAGE = YES_ERROR;
				CLANG_WARN_EMPTY_BODY = YES;
				CLANG_WARN_ENUM_CONVERSION = YES;
				CLANG_WARN_INT_CONVERSION = YES;
				CLANG_WARN_OBJC_ROOT_CLASS = YES_ERROR;
				CLANG_WARN__DUPLICATE_METHOD_MATCH = YES;
				"CODE_SIGN_IDENTITY[sdk=iphoneos*]" = "iPhone Developer";
				COPY_PHASE_STRIP = NO;
				GCC_C_LANGUAGE_STANDARD = gnu99;
				GCC_DYNAMIC_NO_PIC = NO;
				GCC_OPTIMIZATION_LEVEL = 0;
				GCC_PREPROCESSOR_DEFINITIONS = (
					"DEBUG=1",
					"$(inherited)",
				);
				GCC_SYMBOLS_PRIVATE_EXTERN = NO;
				GCC_WARN_64_TO_32_BIT_CONVERSION = YES;
				GCC_WARN_ABOUT_RETURN_TYPE = YES_ERROR;
				GCC_WARN_UNDECLARED_SELECTOR = YES;
				GCC_WARN_UNINITIALIZED_AUTOS = YES;
				GCC_WARN_UNUSED_FUNCTION = YES;
				GCC_WARN_UNUSED_VARIABLE = YES;
				IPHONEOS_DEPLOYMENT_TARGET = 7.0;
				ONLY_ACTIVE_ARCH = YES;
				SDKROOT = iphoneos;
			};
			name = Debug;
		};
		61A314A619764E4C009A3856 /* Release */ = {
			isa = XCBuildConfiguration;
			buildSettings = {
				ALWAYS_SEARCH_USER_PATHS = NO;
				ARCHS = "$(ARCHS_STANDARD_INCLUDING_64_BIT)";
				CLANG_CXX_LANGUAGE_STANDARD = "gnu++0x";
				CLANG_CXX_LIBRARY = "libc++";
				CLANG_ENABLE_MODULES = YES;
				CLANG_ENABLE_OBJC_ARC = YES;
				CLANG_WARN_BOOL_CONVERSION = YES;
				CLANG_WARN_CONSTANT_CONVERSION = YES;
				CLANG_WARN_DIRECT_OBJC_ISA_USAGE = YES_ERROR;
				CLANG_WARN_EMPTY_BODY = YES;
				CLANG_WARN_ENUM_CONVERSION = YES;
				CLANG_WARN_INT_CONVERSION = YES;
				CLANG_WARN_OBJC_ROOT_CLASS = YES_ERROR;
				CLANG_WARN__DUPLICATE_METHOD_MATCH = YES;
				"CODE_SIGN_IDENTITY[sdk=iphoneos*]" = "iPhone Developer";
				COPY_PHASE_STRIP = YES;
				ENABLE_NS_ASSERTIONS = NO;
				GCC_C_LANGUAGE_STANDARD = gnu99;
				GCC_WARN_64_TO_32_BIT_CONVERSION = YES;
				GCC_WARN_ABOUT_RETURN_TYPE = YES_ERROR;
				GCC_WARN_UNDECLARED_SELECTOR = YES;
				GCC_WARN_UNINITIALIZED_AUTOS = YES;
				GCC_WARN_UNUSED_FUNCTION = YES;
				GCC_WARN_UNUSED_VARIABLE = YES;
				IPHONEOS_DEPLOYMENT_TARGET = 7.0;
				SDKROOT = iphoneos;
				VALIDATE_PRODUCT = YES;
			};
			name = Release;
		};
		61A314A819764E4C009A3856 /* Debug */ = {
			isa = XCBuildConfiguration;
			buildSettings = {
				ASSETCATALOG_COMPILER_APPICON_NAME = AppIcon;
				ASSETCATALOG_COMPILER_LAUNCHIMAGE_NAME = LaunchImage;
				GCC_PRECOMPILE_PREFIX_HEADER = YES;
				GCC_PREFIX_HEADER = "AccidentReport/AccidentReport-Prefix.pch";
				INFOPLIST_FILE = "AccidentReport/AccidentReport-Info.plist";
				PRODUCT_NAME = "$(TARGET_NAME)";
				WRAPPER_EXTENSION = app;
			};
			name = Debug;
		};
		61A314A919764E4C009A3856 /* Release */ = {
			isa = XCBuildConfiguration;
			buildSettings = {
				ASSETCATALOG_COMPILER_APPICON_NAME = AppIcon;
				ASSETCATALOG_COMPILER_LAUNCHIMAGE_NAME = LaunchImage;
				GCC_PRECOMPILE_PREFIX_HEADER = YES;
				GCC_PREFIX_HEADER = "AccidentReport/AccidentReport-Prefix.pch";
				INFOPLIST_FILE = "AccidentReport/AccidentReport-Info.plist";
				PRODUCT_NAME = "$(TARGET_NAME)";
				WRAPPER_EXTENSION = app;
			};
			name = Release;
		};
		61A314AB19764E4C009A3856 /* Debug */ = {
			isa = XCBuildConfiguration;
			buildSettings = {
				ARCHS = "$(ARCHS_STANDARD_INCLUDING_64_BIT)";
				BUNDLE_LOADER = "$(BUILT_PRODUCTS_DIR)/AccidentReport.app/AccidentReport";
				FRAMEWORK_SEARCH_PATHS = (
					"$(SDKROOT)/Developer/Library/Frameworks",
					"$(inherited)",
					"$(DEVELOPER_FRAMEWORKS_DIR)",
				);
				GCC_PRECOMPILE_PREFIX_HEADER = YES;
				GCC_PREFIX_HEADER = "AccidentReport/AccidentReport-Prefix.pch";
				GCC_PREPROCESSOR_DEFINITIONS = (
					"DEBUG=1",
					"$(inherited)",
				);
				INFOPLIST_FILE = "AccidentReportTests/AccidentReportTests-Info.plist";
				PRODUCT_NAME = "$(TARGET_NAME)";
				TEST_HOST = "$(BUNDLE_LOADER)";
				WRAPPER_EXTENSION = xctest;
			};
			name = Debug;
		};
		61A314AC19764E4C009A3856 /* Release */ = {
			isa = XCBuildConfiguration;
			buildSettings = {
				ARCHS = "$(ARCHS_STANDARD_INCLUDING_64_BIT)";
				BUNDLE_LOADER = "$(BUILT_PRODUCTS_DIR)/AccidentReport.app/AccidentReport";
				FRAMEWORK_SEARCH_PATHS = (
					"$(SDKROOT)/Developer/Library/Frameworks",
					"$(inherited)",
					"$(DEVELOPER_FRAMEWORKS_DIR)",
				);
				GCC_PRECOMPILE_PREFIX_HEADER = YES;
				GCC_PREFIX_HEADER = "AccidentReport/AccidentReport-Prefix.pch";
				INFOPLIST_FILE = "AccidentReportTests/AccidentReportTests-Info.plist";
				PRODUCT_NAME = "$(TARGET_NAME)";
				TEST_HOST = "$(BUNDLE_LOADER)";
				WRAPPER_EXTENSION = xctest;
			};
			name = Release;
		};
/* End XCBuildConfiguration section */

/* Begin XCConfigurationList section */
		61A3147019764E4C009A3856 /* Build configuration list for PBXProject "AccidentReport" */ = {
			isa = XCConfigurationList;
			buildConfigurations = (
				61A314A519764E4C009A3856 /* Debug */,
				61A314A619764E4C009A3856 /* Release */,
			);
			defaultConfigurationIsVisible = 0;
			defaultConfigurationName = Release;
		};
		61A314A719764E4C009A3856 /* Build configuration list for PBXNativeTarget "AccidentReport" */ = {
			isa = XCConfigurationList;
			buildConfigurations = (
				61A314A819764E4C009A3856 /* Debug */,
				61A314A919764E4C009A3856 /* Release */,
			);
			defaultConfigurationIsVisible = 0;
		};
		61A314AA19764E4C009A3856 /* Build configuration list for PBXNativeTarget "AccidentReportTests" */ = {
			isa = XCConfigurationList;
			buildConfigurations = (
				61A314AB19764E4C009A3856 /* Debug */,
				61A314AC19764E4C009A3856 /* Release */,
			);
			defaultConfigurationIsVisible = 0;
		};
/* End XCConfigurationList section */
	};
	rootObject = 61A3146D19764E4C009A3856 /* Project object */;
}
